
Microsoft Visual Studio Solution File, Format Version 10.00
# Visual Studio 2008
Project("{FAE04EC0-301F-11D3-BF4B-00C04F79EFBC}") = "SQLDAL", "SQLDAL\SQLDAL.csproj", "{0BC35128-E18C-4940-9E39-E31FC2FB9B78}"
EndProject
Project("{FAE04EC0-301F-11D3-BF4B-00C04F79EFBC}") = "BLL", "BLL\BLL.csproj", "{81AC305E-F5BB-4EEA-AC18-D9B215AB96E6}"
EndProject
Project("{FAE04EC0-301F-11D3-BF4B-00C04F79EFBC}") = "Common", "Common\Common.csproj", "{616C2048-47BB-4CEE-A25B-B5FDB6CF04E3}"
EndProject
Project("{FAE04EC0-301F-11D3-BF4B-00C04F79EFBC}") = "Model", "Model\Model.csproj", "{59B7D56E-71F2-4A65-8E97-3AC38AE56569}"
EndProject
Project("{FAE04EC0-301F-11D3-BF4B-00C04F79EFBC}") = "WinForm", "WinForm\WinForm.csproj", "{9A27E8A3-78F3-4000-8EBE-08A39365041A}"
EndProject
Project("{FAE04EC0-301F-11D3-BF4B-00C04F79EFBC}") = "AccessDAL", "AccessDAL\AccessDAL.csproj", "{E055F3BB-7975-49D4-B363-B9F8287FA05D}"
EndProject
Project("{FAE04EC0-301F-11D3-BF4B-00C04F79EFBC}") = "IDAL", "IDAL\IDAL.csproj", "{2B73FA8F-E269-4DD7-9E2C-ECCDE0A78397}"
EndProject
Project("{FAE04EC0-301F-11D3-BF4B-00C04F79EFBC}") = "DALFactory", "DALFactory\DALFactory.csproj", "{5C48F3D0-AC40-4D5D-B9DD-8C6A5B9C6AB5}"
EndProject
Global
	GlobalSection(SolutionConfigurationPlatforms) = preSolution
		Debug|Any CPU = Debug|Any CPU
		Release|Any CPU = Release|Any CPU
	EndGlobalSection
	GlobalSection(ProjectConfigurationPlatforms) = postSolution
		{0BC35128-E18C-4940-9E39-E31FC2FB9B78}.Debug|Any CPU.ActiveCfg = Debug|Any CPU
		{0BC35128-E18C-4940-9E39-E31FC2FB9B78}.Debug|Any CPU.Build.0 = Debug|Any CPU
		{0BC35128-E18C-4940-9E39-E31FC2FB9B78}.Release|Any CPU.ActiveCfg = Release|Any CPU
		{0BC35128-E18C-4940-9E39-E31FC2FB9B78}.Release|Any CPU.Build.0 = Release|Any CPU
		{81AC305E-F5BB-4EEA-AC18-D9B215AB96E6}.Debug|Any CPU.ActiveCfg = Debug|Any CPU
		{81AC305E-F5BB-4EEA-AC18-D9B215AB96E6}.Debug|Any CPU.Build.0 = Debug|Any CPU
		{81AC305E-F5BB-4EEA-AC18-D9B215AB96E6}.Release|Any CPU.ActiveCfg = Release|Any CPU
		{81AC305E-F5BB-4EEA-AC18-D9B215AB96E6}.Release|Any CPU.Build.0 = Release|Any CPU
		{616C2048-47BB-4CEE-A25B-B5FDB6CF04E3}.Debug|Any CPU.ActiveCfg = Debug|Any CPU
		{616C2048-47BB-4CEE-A25B-B5FDB6CF04E3}.Debug|Any CPU.Build.0 = Debug|Any CPU
		{616C2048-47BB-4CEE-A25B-B5FDB6CF04E3}.Release|Any CPU.ActiveCfg = Release|Any CPU
		{616C2048-47BB-4CEE-A25B-B5FDB6CF04E3}.Release|Any CPU.Build.0 = Release|Any CPU
		{59B7D56E-71F2-4A65-8E97-3AC38AE56569}.Debug|Any CPU.ActiveCfg = Debug|Any CPU
		{59B7D56E-71F2-4A65-8E97-3AC38AE56569}.Debug|Any CPU.Build.0 = Debug|Any CPU
		{59B7D56E-71F2-4A65-8E97-3AC38AE56569}.Release|Any CPU.ActiveCfg = Release|Any CPU
		{59B7D56E-71F2-4A65-8E97-3AC38AE56569}.Release|Any CPU.Build.0 = Release|Any CPU
		{9A27E8A3-78F3-4000-8EBE-08A39365041A}.Debug|Any CPU.ActiveCfg = Debug|Any CPU
		{9A27E8A3-78F3-4000-8EBE-08A39365041A}.Debug|Any CPU.Build.0 = Debug|Any CPU
		{9A27E8A3-78F3-4000-8EBE-08A39365041A}.Release|Any CPU.ActiveCfg = Release|Any CPU
		{9A27E8A3-78F3-4000-8EBE-08A39365041A}.Release|Any CPU.Build.0 = Release|Any CPU
		{E055F3BB-7975-49D4-B363-B9F8287FA05D}.Debug|Any CPU.ActiveCfg = Debug|Any CPU
		{E055F3BB-7975-49D4-B363-B9F8287FA05D}.Debug|Any CPU.Build.0 = Debug|Any CPU
		{E055F3BB-7975-49D4-B363-B9F8287FA05D}.Release|Any CPU.ActiveCfg = Release|Any CPU
		{E055F3BB-7975-49D4-B363-B9F8287FA05D}.Release|Any CPU.Build.0 = Release|Any CPU
		{2B73FA8F-E269-4DD7-9E2C-ECCDE0A78397}.Debug|Any CPU.ActiveCfg = Debug|Any CPU
		{2B73FA8F-E269-4DD7-9E2C-ECCDE0A78397}.Debug|Any CPU.Build.0 = Debug|Any CPU
		{2B73FA8F-E269-4DD7-9E2C-ECCDE0A78397}.Release|Any CPU.ActiveCfg = Release|Any CPU
		{2B73FA8F-E269-4DD7-9E2C-ECCDE0A78397}.Release|Any CPU.Build.0 = Release|Any CPU
		{5C48F3D0-AC40-4D5D-B9DD-8C6A5B9C6AB5}.Debug|Any CPU.ActiveCfg = Debug|Any CPU
		{5C48F3D0-AC40-4D5D-B9DD-8C6A5B9C6AB5}.Debug|Any CPU.Build.0 = Debug|Any CPU
		{5C48F3D0-AC40-4D5D-B9DD-8C6A5B9C6AB5}.Release|Any CPU.ActiveCfg = Release|Any CPU
		{5C48F3D0-AC40-4D5D-B9DD-8C6A5B9C6AB5}.Release|Any CPU.Build.0 = Release|Any CPU
	EndGlobalSection
	GlobalSection(SolutionProperties) = preSolution
		HideSolutionNode = FALSE
	EndGlobalSection
EndGlobal
